
Microsoft Visual Studio Solution File, Format Version 12.00
# Visual Studio Version 17
VisualStudioVersion = 17.9.34728.123
MinimumVisualStudioVersion = 10.0.40219.1
Project("{9A19103F-16F7-4668-BE54-9A1E7A4F7556}") = "Viktorina", "Viktorina.csproj", "{81F6D485-E219-4FDE-8339-F467113AAA26}"
EndProject
Global
	GlobalSection(SolutionConfigurationPlatforms) = preSolution
		Debug|Any CPU = Debug|Any CPU
		Release|Any CPU = Release|Any CPU
	EndGlobalSection
	GlobalSection(ProjectConfigurationPlatforms) = postSolution
		{81F6D485-E219-4FDE-8339-F467113AAA26}.Debug|Any CPU.ActiveCfg = Debug|Any CPU
		{81F6D485-E219-4FDE-8339-F467113AAA26}.Debug|Any CPU.Build.0 = Debug|Any CPU
		{81F6D485-E219-4FDE-8339-F467113AAA26}.Release|Any CPU.ActiveCfg = Release|Any CPU
		{81F6D485-E219-4FDE-8339-F467113AAA26}.Release|Any CPU.Build.0 = Release|Any CPU
	EndGlobalSection
	GlobalSection(SolutionProperties) = preSolution
		HideSolutionNode = FALSE
	EndGlobalSection
	GlobalSection(ExtensibilityGlobals) = postSolution
		SolutionGuid = {9F776291-A7A0-4E76-95CA-380FD382DD14}
	EndGlobalSection
	GlobalSection(TeamFoundationVersionControl) = preSolution
		SccNumberOfProjects = 2
		SccEnterpriseProvider = {4CA58AB2-18FA-4F8D-95D4-32DDF27D184C}
		SccTeamFoundationServer = https://dev.azure.com/ku-jnii22-1
		SccLocalPath0 = .
		SccProjectUniqueName1 = Viktorina.csproj
		SccLocalPath1 = .
	EndGlobalSection
EndGlobal
